
Microsoft Visual Studio Solution File, Format Version 12.00
# Visual Studio Version 17
VisualStudioVersion = 17.5.002.0
MinimumVisualStudioVersion = 10.0.40219.1
Project("{9A19103F-16F7-4668-BE54-9A1E7A4F7556}") = "SportsWorldAPI", "SportsWorldAPI\SportsWorldAPI.csproj", "{C3DE4125-6D7D-4826-A008-462B5027E189}"
EndProject
Global
	GlobalSection(SolutionConfigurationPlatforms) = preSolution
		Debug|Any CPU = Debug|Any CPU
		Release|Any CPU = Release|Any CPU
	EndGlobalSection
	GlobalSection(ProjectConfigurationPlatforms) = postSolution
		{C3DE4125-6D7D-4826-A008-462B5027E189}.Debug|Any CPU.ActiveCfg = Debug|Any CPU
		{C3DE4125-6D7D-4826-A008-462B5027E189}.Debug|Any CPU.Build.0 = Debug|Any CPU
		{C3DE4125-6D7D-4826-A008-462B5027E189}.Release|Any CPU.ActiveCfg = Release|Any CPU
		{C3DE4125-6D7D-4826-A008-462B5027E189}.Release|Any CPU.Build.0 = Release|Any CPU
	EndGlobalSection
	GlobalSection(SolutionProperties) = preSolution
		HideSolutionNode = FALSE
	EndGlobalSection
	GlobalSection(ExtensibilityGlobals) = postSolution
		SolutionGuid = {CAF14C20-B362-457C-A65C-B5025964BE7F}
	EndGlobalSection
EndGlobal
